// !$*UTF8*$!
{
	archiveVersion = 1;
	classes = {
	};
	objectVersion = 46;
	objects = {

/* Begin PBXBuildFile section */
		41380B051BB95B5F005B0E52 /* MonteCarlo.cpp in Sources */ = {isa = PBXBuildFile; fileRef = 41380B041BB95B5F005B0E52 /* MonteCarlo.cpp */; };
/* End PBXBuildFile section */

/* Begin PBXCopyFilesBuildPhase section */
		41380AFF1BB95B5F005B0E52 /* CopyFiles */ = {
			isa = PBXCopyFilesBuildPhase;
			buildActionMask = 2147483647;
			dstPath = /usr/share/man/man1/;
			dstSubfolderSpec = 0;
			files = (
			);
			runOnlyForDeploymentPostprocessing = 1;
		};
/* End PBXCopyFilesBuildPhase section */

/* Begin PBXFileReference section */
		41380B011BB95B5F005B0E52 /* MonteCarlo */ = {isa = PBXFileReference; explicitFileType = "compiled.mach-o.executable"; includeInIndex = 0; path = MonteCarlo; sourceTree = BUILT_PRODUCTS_DIR; };
		41380B041BB95B5F005B0E52 /* MonteCarlo.cpp */ = {isa = PBXFileReference; lastKnownFileType = sourcecode.cpp.cpp; path = MonteCarlo.cpp; sourceTree = "<group>"; };
		41B785701BC2E7E70033C074 /* timer.h */ = {isa = PBXFileReference; fileEncoding = 4; lastKnownFileType = sourcecode.c.h; path = timer.h; sourceTree = "<group>"; };
/* End PBXFileReference section */

/* Begin PBXFrameworksBuildPhase section */
		41380AFE1BB95B5F005B0E52 /* Frameworks */ = {
			isa = PBXFrameworksBuildPhase;
			buildActionMask = 2147483647;
			files = (
			);
			runOnlyForDeploymentPostprocessing = 0;
		};
/* End PBXFrameworksBuildPhase section */

/* Begin PBXGroup section */
		41380AF81BB95B5F005B0E52 = {
			isa = PBXGroup;
			children = (
				41380B031BB95B5F005B0E52 /* MonteCarlo */,
				41380B021BB95B5F005B0E52 /* Products */,
			);
			sourceTree = "<group>";
		};
		41380B021BB95B5F005B0E52 /* Products */ = {
			isa = PBXGroup;
			children = (
				41380B011BB95B5F005B0E52 /* MonteCarlo */,
			);
			name = Products;
			sourceTree = "<group>";
		};
		41380B031BB95B5F005B0E52 /* MonteCarlo */ = {
			isa = PBXGroup;
			children = (
				41B785701BC2E7E70033C074 /* timer.h */,
				41380B041BB95B5F005B0E52 /* MonteCarlo.cpp */,
			);
			path = MonteCarlo;
			sourceTree = "<group>";
		};
/* End PBXGroup section */

/* Begin PBXNativeTarget section */
		41380B001BB95B5F005B0E52 /* MonteCarlo */ = {
			isa = PBXNativeTarget;
			buildConfigurationList = 41380B081BB95B5F005B0E52 /* Build configuration list for PBXNativeTarget "MonteCarlo" */;
			buildPhases = (
				41380AFD1BB95B5F005B0E52 /* Sources */,
				41380AFE1BB95B5F005B0E52 /* Frameworks */,
				41380AFF1BB95B5F005B0E52 /* CopyFiles */,
			);
			buildRules = (
			);
			dependencies = (
			);
			name = MonteCarlo;
			productName = MonteCarlo;
			productReference = 41380B011BB95B5F005B0E52 /* MonteCarlo */;
			productType = "com.apple.product-type.tool";
		};
/* End PBXNativeTarget section */

/* Begin PBXProject section */
		41380AF91BB95B5F005B0E52 /* Project object */ = {
			isa = PBXProject;
			attributes = {
				LastUpgradeCheck = 0700;
				ORGANIZATIONNAME = "James Williams";
				TargetAttributes = {
					41380B001BB95B5F005B0E52 = {
						CreatedOnToolsVersion = 7.0;
					};
				};
			};
			buildConfigurationList = 41380AFC1BB95B5F005B0E52 /* Build configuration list for PBXProject "MonteCarlo" */;
			compatibilityVersion = "Xcode 3.2";
			developmentRegion = English;
			hasScannedForEncodings = 0;
			knownRegions = (
				en,
			);
			mainGroup = 41380AF81BB95B5F005B0E52;
			productRefGroup = 41380B021BB95B5F005B0E52 /* Products */;
			projectDirPath = "";
			projectRoot = "";
			targets = (
				41380B001BB95B5F005B0E52 /* MonteCarlo */,
			);
		};
/* End PBXProject section */

/* Begin PBXSourcesBuildPhase section */
		41380AFD1BB95B5F005B0E52 /* Sources */ = {
			isa = PBXSourcesBuildPhase;
			buildActionMask = 2147483647;
			files = (
				41380B051BB95B5F005B0E52 /* MonteCarlo.cpp in Sources */,
			);
			runOnlyForDeploymentPostprocessing = 0;
		};
/* End PBXSourcesBuildPhase section */

/* Begin XCBuildConfiguration section */
		41380B061BB95B5F005B0E52 /* Debug */ = {
			isa = XCBuildConfiguration;
			buildSettings = {
				ALWAYS_SEARCH_USER_PATHS = NO;
				CLANG_CXX_LANGUAGE_STANDARD = "gnu++0x";
				CLANG_CXX_LIBRARY = "libc++";
				CLANG_ENABLE_MODULES = YES;
				CLANG_ENABLE_OBJC_ARC = YES;
				CLANG_WARN_BOOL_CONVERSION = YES;
				CLANG_WARN_CONSTANT_CONVERSION = YES;
				CLANG_WARN_DIRECT_OBJC_ISA_USAGE = YES_ERROR;
				CLANG_WARN_EMPTY_BODY = YES;
				CLANG_WARN_ENUM_CONVERSION = YES;
				CLANG_WARN_INT_CONVERSION = YES;
				CLANG_WARN_OBJC_ROOT_CLASS = YES_ERROR;
				CLANG_WARN_UNREACHABLE_CODE = YES;
				CLANG_WARN__DUPLICATE_METHOD_MATCH = YES;
				COPY_PHASE_STRIP = NO;
				DEBUG_INFORMATION_FORMAT = dwarf;
				ENABLE_STRICT_OBJC_MSGSEND = YES;
				ENABLE_TESTABILITY = YES;
				GCC_C_LANGUAGE_STANDARD = gnu99;
				GCC_DYNAMIC_NO_PIC = NO;
				GCC_NO_COMMON_BLOCKS = YES;
				GCC_OPTIMIZATION_LEVEL = 0;
				GCC_PREPROCESSOR_DEFINITIONS = (
					"DEBUG=1",
					"$(inherited)",
				);
				GCC_WARN_64_TO_32_BIT_CONVERSION = YES;
				GCC_WARN_ABOUT_RETURN_TYPE = YES_ERROR;
				GCC_WARN_UNDECLARED_SELECTOR = YES;
				GCC_WARN_UNINITIALIZED_AUTOS = YES_AGGRESSIVE;
				GCC_WARN_UNUSED_FUNCTION = YES;
				GCC_WARN_UNUSED_VARIABLE = YES;
				MACOSX_DEPLOYMENT_TARGET = 10.10;
				MTL_ENABLE_DEBUG_INFO = YES;
				ONLY_ACTIVE_ARCH = YES;
				SDKROOT = macosx;
			};
			name = Debug;
		};
		41380B071BB95B5F005B0E52 /* Release */ = {
			isa = XCBuildConfiguration;
			buildSettings = {
				ALWAYS_SEARCH_USER_PATHS = NO;
				CLANG_CXX_LANGUAGE_STANDARD = "gnu++0x";
				CLANG_CXX_LIBRARY = "libc++";
				CLANG_ENABLE_MODULES = YES;
				CLANG_ENABLE_OBJC_ARC = YES;
				CLANG_WARN_BOOL_CONVERSION = YES;
				CLANG_WARN_CONSTANT_CONVERSION = YES;
				CLANG_WARN_DIRECT_OBJC_ISA_USAGE = YES_ERROR;
				CLANG_WARN_EMPTY_BODY = YES;
				CLANG_WARN_ENUM_CONVERSION = YES;
				CLANG_WARN_INT_CONVERSION = YES;
				CLANG_WARN_OBJC_ROOT_CLASS = YES_ERROR;
				CLANG_WARN_UNREACHABLE_CODE = YES;
				CLANG_WARN__DUPLICATE_METHOD_MATCH = YES;
				COPY_PHASE_STRIP = NO;
				DEBUG_INFORMATION_FORMAT = "dwarf-with-dsym";
				ENABLE_NS_ASSERTIONS = NO;
				ENABLE_STRICT_OBJC_MSGSEND = YES;
				GCC_C_LANGUAGE_STANDARD = gnu99;
				GCC_NO_COMMON_BLOCKS = YES;
				GCC_WARN_64_TO_32_BIT_CONVERSION = YES;
				GCC_WARN_ABOUT_RETURN_TYPE = YES_ERROR;
				GCC_WARN_UNDECLARED_SELECTOR = YES;
				GCC_WARN_UNINITIALIZED_AUTOS = YES_AGGRESSIVE;
				GCC_WARN_UNUSED_FUNCTION = YES;
				GCC_WARN_UNUSED_VARIABLE = YES;
				MACOSX_DEPLOYMENT_TARGET = 10.10;
				MTL_ENABLE_DEBUG_INFO = NO;
				SDKROOT = macosx;
			};
			name = Release;
		};
		41380B091BB95B5F005B0E52 /* Debug */ = {
			isa = XCBuildConfiguration;
			buildSettings = {
				ARCHS = "$(ARCHS_STANDARD_32_64_BIT)";
				GCC_VERSION = "";
				ONLY_ACTIVE_ARCH = NO;
				PRODUCT_NAME = "$(TARGET_NAME)";
			};
			name = Debug;
		};
		41380B0A1BB95B5F005B0E52 /* Release */ = {
			isa = XCBuildConfiguration;
			buildSettings = {
				ARCHS = "$(ARCHS_STANDARD_32_64_BIT)";
				GCC_VERSION = "";
				ONLY_ACTIVE_ARCH = NO;
				PRODUCT_NAME = "$(TARGET_NAME)";
			};
			name = Release;
		};
/* End XCBuildConfiguration section */

/* Begin XCConfigurationList section */
		41380AFC1BB95B5F005B0E52 /* Build configuration list for PBXProject "MonteCarlo" */ = {
			isa = XCConfigurationList;
			buildConfigurations = (
				41380B061BB95B5F005B0E52 /* Debug */,
				41380B071BB95B5F005B0E52 /* Release */,
			);
			defaultConfigurationIsVisible = 0;
			defaultConfigurationName = Release;
		};
		41380B081BB95B5F005B0E52 /* Build configuration list for PBXNativeTarget "MonteCarlo" */ = {
			isa = XCConfigurationList;
			buildConfigurations = (
				41380B091BB95B5F005B0E52 /* Debug */,
				41380B0A1BB95B5F005B0E52 /* Release */,
			);
			defaultConfigurationIsVisible = 0;
			defaultConfigurationName = Release;
		};
/* End XCConfigurationList section */
	};
	rootObject = 41380AF91BB95B5F005B0E52 /* Project object */;
}
